<Solution>
  <Project Path="Unity.XR.Interaction.Toolkit.Samples.DeviceSimulator.csproj" />
  <Project Path="AYellowpaper.SerializedCollections.Editor.csproj" />
  <Project Path="Assembly-CSharp.csproj" />
  <Project Path="soupday.cc3_unity_tools.editor.csproj" />
  <Project Path="Unity.XR.Interaction.Toolkit.Samples.StarterAssets.csproj" />
  <Project Path="Unity.XR.Interaction.Toolkit.Samples.StarterAssets.Editor.csproj" />
  <Project Path="AYellowpaper.SerializedCollections.csproj" />
  <Project Path="CodeStage.PackageToFolder.Editor.csproj" />
  <Project Path="CodeStage.PackageToFolder.Editor.Tests.csproj" />
  <Project Path="soupday.cc3_unity_tools.runtime.csproj" />
  <Project Path="Assembly-CSharp-Editor.csproj" />
</Solution>
